
Microsoft Visual Studio Solution File, Format Version 11.00
# Visual Studio 2010
Project("{FAE04EC0-301F-11D3-BF4B-00C04F79EFBC}") = "MvcBootstrapManage", "MvcBootstrapManage\MvcBootstrapManage.csproj", "{50C7F5A8-6C02-42E0-8A53-7B49745A8DAB}"
EndProject
Global
	GlobalSection(SolutionConfigurationPlatforms) = preSolution
		Debug|Any CPU = Debug|Any CPU
		Release|Any CPU = Release|Any CPU
	EndGlobalSection
	GlobalSection(ProjectConfigurationPlatforms) = postSolution
		{50C7F5A8-6C02-42E0-8A53-7B49745A8DAB}.Debug|Any CPU.ActiveCfg = Debug|Any CPU
		{50C7F5A8-6C02-42E0-8A53-7B49745A8DAB}.Debug|Any CPU.Build.0 = Debug|Any CPU
		{50C7F5A8-6C02-42E0-8A53-7B49745A8DAB}.Release|Any CPU.ActiveCfg = Release|Any CPU
		{50C7F5A8-6C02-42E0-8A53-7B49745A8DAB}.Release|Any CPU.Build.0 = Release|Any CPU
	EndGlobalSection
	GlobalSection(SolutionProperties) = preSolution
		HideSolutionNode = FALSE
	EndGlobalSection
EndGlobal
